
Microsoft Visual Studio Solution File, Format Version 12.00
# Visual Studio 15
VisualStudioVersion = 15.0.26730.10
MinimumVisualStudioVersion = 10.0.40219.1
Project("{FAE04EC0-301F-11D3-BF4B-00C04F79EFBC}") = "SpicyApp", "SpicyApp\SpicyApp.csproj", "{708F449C-0074-4979-8D41-F7252422A627}"
EndProject
Global
	GlobalSection(SolutionConfigurationPlatforms) = preSolution
		Debug|Any CPU = Debug|Any CPU
		Release|Any CPU = Release|Any CPU
	EndGlobalSection
	GlobalSection(ProjectConfigurationPlatforms) = postSolution
		{708F449C-0074-4979-8D41-F7252422A627}.Debug|Any CPU.ActiveCfg = Debug|Any CPU
		{708F449C-0074-4979-8D41-F7252422A627}.Debug|Any CPU.Build.0 = Debug|Any CPU
		{708F449C-0074-4979-8D41-F7252422A627}.Release|Any CPU.ActiveCfg = Release|Any CPU
		{708F449C-0074-4979-8D41-F7252422A627}.Release|Any CPU.Build.0 = Release|Any CPU
	EndGlobalSection
	GlobalSection(SolutionProperties) = preSolution
		HideSolutionNode = FALSE
	EndGlobalSection
	GlobalSection(ExtensibilityGlobals) = postSolution
		SolutionGuid = {FD2F032E-60AF-4142-A4B6-A3AA8516A227}
	EndGlobalSection
EndGlobal
